
Microsoft Visual Studio Solution File, Format Version 12.00
# Visual Studio 14
VisualStudioVersion = 14.0.24720.0
MinimumVisualStudioVersion = 10.0.40219.1
Project("{2150E333-8FDC-42A3-9474-1A3956D46DE8}") = "src", "src", "{83F2FC37-C109-47B4-BB0A-DC0D3439B8C3}"
EndProject
Project("{2150E333-8FDC-42A3-9474-1A3956D46DE8}") = "Solution Items", "Solution Items", "{409301FC-61F9-47F0-B0ED-320F0C0D0301}"
	ProjectSection(SolutionItems) = preProject
		global.json = global.json
		Local.testsettings = Local.testsettings
	EndProjectSection
EndProject
Project("{8BB2217D-0F2D-49D1-97BC-3654ED321F3B}") = "ParkingATHWeb", "src\ParkingATHWeb\ParkingATHWeb.xproj", "{07013C6C-12D7-4CF7-9592-9828650E9206}"
EndProject
Project("{8BB2217D-0F2D-49D1-97BC-3654ED321F3B}") = "ParkingATHWeb.Model", "src\ParkingATHWeb.Model\ParkingATHWeb.Model.xproj", "{9CC69324-9A3E-4321-AE0E-13ED01636707}"
EndProject
Project("{8BB2217D-0F2D-49D1-97BC-3654ED321F3B}") = "ParkingATHWeb.Shared", "src\ParkingATHWeb.Shared\ParkingATHWeb.Shared.xproj", "{310CA5D0-287B-4556-B082-342C0FCB57AC}"
EndProject
Project("{8BB2217D-0F2D-49D1-97BC-3654ED321F3B}") = "ParkingATHWeb.Contracts", "src\ParkingATHWeb.Contracts\ParkingATHWeb.Contracts.xproj", "{D2E20324-0FE7-4AFB-9BCE-2B23B32EF946}"
EndProject
Project("{8BB2217D-0F2D-49D1-97BC-3654ED321F3B}") = "ParkingATHWeb.DataAccess", "src\ParkingATHWeb.DataAccess\ParkingATHWeb.DataAccess.xproj", "{E1061BA4-D7E4-4B2C-ACC2-E5D3F66A3DFF}"
EndProject
Project("{8BB2217D-0F2D-49D1-97BC-3654ED321F3B}") = "ParkingATHWeb.DataAccess.Tests", "src\ParkingATHWeb.DataAccess.Tests\ParkingATHWeb.DataAccess.Tests.xproj", "{7FBFCF5F-ABA6-46B0-A778-C41D59094C8E}"
EndProject
Project("{8BB2217D-0F2D-49D1-97BC-3654ED321F3B}") = "ParkingATHWeb.Shared.Tests", "src\ParkingATHWeb.Shared.Tests\ParkingATHWeb.Shared.Tests.xproj", "{C27AEBCD-633B-4D22-A835-DB01D58E1621}"
EndProject
Project("{8BB2217D-0F2D-49D1-97BC-3654ED321F3B}") = "ParkingATHWeb.Business", "src\ParkingATHWeb.Business\ParkingATHWeb.Business.xproj", "{FF0C4525-EFA0-4C3B-9913-491C750FF660}"
EndProject
Project("{8BB2217D-0F2D-49D1-97BC-3654ED321F3B}") = "ParkingATHWeb.Resolver", "src\ParkingATHWeb.Resolver\ParkingATHWeb.Resolver.xproj", "{118BE583-5140-4315-ACD5-3811ABA30E8C}"
EndProject
Project("{8BB2217D-0F2D-49D1-97BC-3654ED321F3B}") = "ParkingATHWeb.Business.Tests", "src\ParkingATHWeb.Business.Tests\ParkingATHWeb.Business.Tests.xproj", "{650A5A85-5956-491E-9312-5E25A27D1108}"
EndProject
Global
	GlobalSection(SolutionConfigurationPlatforms) = preSolution
		Debug|Any CPU = Debug|Any CPU
		Debug|x64 = Debug|x64
		Debug|x86 = Debug|x86
		Release|Any CPU = Release|Any CPU
		Release|x64 = Release|x64
		Release|x86 = Release|x86
	EndGlobalSection
	GlobalSection(ProjectConfigurationPlatforms) = postSolution
		{07013C6C-12D7-4CF7-9592-9828650E9206}.Debug|Any CPU.ActiveCfg = Debug|Any CPU
		{07013C6C-12D7-4CF7-9592-9828650E9206}.Debug|Any CPU.Build.0 = Debug|Any CPU
		{07013C6C-12D7-4CF7-9592-9828650E9206}.Debug|x64.ActiveCfg = Debug|Any CPU
		{07013C6C-12D7-4CF7-9592-9828650E9206}.Debug|x64.Build.0 = Debug|Any CPU
		{07013C6C-12D7-4CF7-9592-9828650E9206}.Debug|x86.ActiveCfg = Debug|Any CPU
		{07013C6C-12D7-4CF7-9592-9828650E9206}.Debug|x86.Build.0 = Debug|Any CPU
		{07013C6C-12D7-4CF7-9592-9828650E9206}.Release|Any CPU.ActiveCfg = Release|Any CPU
		{07013C6C-12D7-4CF7-9592-9828650E9206}.Release|Any CPU.Build.0 = Release|Any CPU
		{07013C6C-12D7-4CF7-9592-9828650E9206}.Release|x64.ActiveCfg = Release|Any CPU
		{07013C6C-12D7-4CF7-9592-9828650E9206}.Release|x64.Build.0 = Release|Any CPU
		{07013C6C-12D7-4CF7-9592-9828650E9206}.Release|x86.ActiveCfg = Release|Any CPU
		{07013C6C-12D7-4CF7-9592-9828650E9206}.Release|x86.Build.0 = Release|Any CPU
		{9CC69324-9A3E-4321-AE0E-13ED01636707}.Debug|Any CPU.ActiveCfg = Debug|Any CPU
		{9CC69324-9A3E-4321-AE0E-13ED01636707}.Debug|Any CPU.Build.0 = Debug|Any CPU
		{9CC69324-9A3E-4321-AE0E-13ED01636707}.Debug|x64.ActiveCfg = Debug|Any CPU
		{9CC69324-9A3E-4321-AE0E-13ED01636707}.Debug|x64.Build.0 = Debug|Any CPU
		{9CC69324-9A3E-4321-AE0E-13ED01636707}.Debug|x86.ActiveCfg = Debug|Any CPU
		{9CC69324-9A3E-4321-AE0E-13ED01636707}.Debug|x86.Build.0 = Debug|Any CPU
		{9CC69324-9A3E-4321-AE0E-13ED01636707}.Release|Any CPU.ActiveCfg = Release|Any CPU
		{9CC69324-9A3E-4321-AE0E-13ED01636707}.Release|Any CPU.Build.0 = Release|Any CPU
		{9CC69324-9A3E-4321-AE0E-13ED01636707}.Release|x64.ActiveCfg = Release|Any CPU
		{9CC69324-9A3E-4321-AE0E-13ED01636707}.Release|x64.Build.0 = Release|Any CPU
		{9CC69324-9A3E-4321-AE0E-13ED01636707}.Release|x86.ActiveCfg = Release|Any CPU
		{9CC69324-9A3E-4321-AE0E-13ED01636707}.Release|x86.Build.0 = Release|Any CPU
		{310CA5D0-287B-4556-B082-342C0FCB57AC}.Debug|Any CPU.ActiveCfg = Debug|Any CPU
		{310CA5D0-287B-4556-B082-342C0FCB57AC}.Debug|Any CPU.Build.0 = Debug|Any CPU
		{310CA5D0-287B-4556-B082-342C0FCB57AC}.Debug|x64.ActiveCfg = Debug|Any CPU
		{310CA5D0-287B-4556-B082-342C0FCB57AC}.Debug|x64.Build.0 = Debug|Any CPU
		{310CA5D0-287B-4556-B082-342C0FCB57AC}.Debug|x86.ActiveCfg = Debug|Any CPU
		{310CA5D0-287B-4556-B082-342C0FCB57AC}.Debug|x86.Build.0 = Debug|Any CPU
		{310CA5D0-287B-4556-B082-342C0FCB57AC}.Release|Any CPU.ActiveCfg = Release|Any CPU
		{310CA5D0-287B-4556-B082-342C0FCB57AC}.Release|Any CPU.Build.0 = Release|Any CPU
		{310CA5D0-287B-4556-B082-342C0FCB57AC}.Release|x64.ActiveCfg = Release|Any CPU
		{310CA5D0-287B-4556-B082-342C0FCB57AC}.Release|x64.Build.0 = Release|Any CPU
		{310CA5D0-287B-4556-B082-342C0FCB57AC}.Release|x86.ActiveCfg = Release|Any CPU
		{310CA5D0-287B-4556-B082-342C0FCB57AC}.Release|x86.Build.0 = Release|Any CPU
		{D2E20324-0FE7-4AFB-9BCE-2B23B32EF946}.Debug|Any CPU.ActiveCfg = Debug|Any CPU
		{D2E20324-0FE7-4AFB-9BCE-2B23B32EF946}.Debug|Any CPU.Build.0 = Debug|Any CPU
		{D2E20324-0FE7-4AFB-9BCE-2B23B32EF946}.Debug|x64.ActiveCfg = Debug|Any CPU
		{D2E20324-0FE7-4AFB-9BCE-2B23B32EF946}.Debug|x64.Build.0 = Debug|Any CPU
		{D2E20324-0FE7-4AFB-9BCE-2B23B32EF946}.Debug|x86.ActiveCfg = Debug|Any CPU
		{D2E20324-0FE7-4AFB-9BCE-2B23B32EF946}.Debug|x86.Build.0 = Debug|Any CPU
		{D2E20324-0FE7-4AFB-9BCE-2B23B32EF946}.Release|Any CPU.ActiveCfg = Release|Any CPU
		{D2E20324-0FE7-4AFB-9BCE-2B23B32EF946}.Release|Any CPU.Build.0 = Release|Any CPU
		{D2E20324-0FE7-4AFB-9BCE-2B23B32EF946}.Release|x64.ActiveCfg = Release|Any CPU
		{D2E20324-0FE7-4AFB-9BCE-2B23B32EF946}.Release|x64.Build.0 = Release|Any CPU
		{D2E20324-0FE7-4AFB-9BCE-2B23B32EF946}.Release|x86.ActiveCfg = Release|Any CPU
		{D2E20324-0FE7-4AFB-9BCE-2B23B32EF946}.Release|x86.Build.0 = Release|Any CPU
		{E1061BA4-D7E4-4B2C-ACC2-E5D3F66A3DFF}.Debug|Any CPU.ActiveCfg = Debug|Any CPU
		{E1061BA4-D7E4-4B2C-ACC2-E5D3F66A3DFF}.Debug|Any CPU.Build.0 = Debug|Any CPU
		{E1061BA4-D7E4-4B2C-ACC2-E5D3F66A3DFF}.Debug|x64.ActiveCfg = Debug|Any CPU
		{E1061BA4-D7E4-4B2C-ACC2-E5D3F66A3DFF}.Debug|x64.Build.0 = Debug|Any CPU
		{E1061BA4-D7E4-4B2C-ACC2-E5D3F66A3DFF}.Debug|x86.ActiveCfg = Debug|Any CPU
		{E1061BA4-D7E4-4B2C-ACC2-E5D3F66A3DFF}.Debug|x86.Build.0 = Debug|Any CPU
		{E1061BA4-D7E4-4B2C-ACC2-E5D3F66A3DFF}.Release|Any CPU.ActiveCfg = Release|Any CPU
		{E1061BA4-D7E4-4B2C-ACC2-E5D3F66A3DFF}.Release|Any CPU.Build.0 = Release|Any CPU
		{E1061BA4-D7E4-4B2C-ACC2-E5D3F66A3DFF}.Release|x64.ActiveCfg = Release|Any CPU
		{E1061BA4-D7E4-4B2C-ACC2-E5D3F66A3DFF}.Release|x64.Build.0 = Release|Any CPU
		{E1061BA4-D7E4-4B2C-ACC2-E5D3F66A3DFF}.Release|x86.ActiveCfg = Release|Any CPU
		{E1061BA4-D7E4-4B2C-ACC2-E5D3F66A3DFF}.Release|x86.Build.0 = Release|Any CPU
		{7FBFCF5F-ABA6-46B0-A778-C41D59094C8E}.Debug|Any CPU.ActiveCfg = Debug|Any CPU
		{7FBFCF5F-ABA6-46B0-A778-C41D59094C8E}.Debug|Any CPU.Build.0 = Debug|Any CPU
		{7FBFCF5F-ABA6-46B0-A778-C41D59094C8E}.Debug|x64.ActiveCfg = Debug|Any CPU
		{7FBFCF5F-ABA6-46B0-A778-C41D59094C8E}.Debug|x64.Build.0 = Debug|Any CPU
		{7FBFCF5F-ABA6-46B0-A778-C41D59094C8E}.Debug|x86.ActiveCfg = Debug|Any CPU
		{7FBFCF5F-ABA6-46B0-A778-C41D59094C8E}.Debug|x86.Build.0 = Debug|Any CPU
		{7FBFCF5F-ABA6-46B0-A778-C41D59094C8E}.Release|Any CPU.ActiveCfg = Release|Any CPU
		{7FBFCF5F-ABA6-46B0-A778-C41D59094C8E}.Release|Any CPU.Build.0 = Release|Any CPU
		{7FBFCF5F-ABA6-46B0-A778-C41D59094C8E}.Release|x64.ActiveCfg = Release|Any CPU
		{7FBFCF5F-ABA6-46B0-A778-C41D59094C8E}.Release|x64.Build.0 = Release|Any CPU
		{7FBFCF5F-ABA6-46B0-A778-C41D59094C8E}.Release|x86.ActiveCfg = Release|Any CPU
		{7FBFCF5F-ABA6-46B0-A778-C41D59094C8E}.Release|x86.Build.0 = Release|Any CPU
		{C27AEBCD-633B-4D22-A835-DB01D58E1621}.Debug|Any CPU.ActiveCfg = Debug|Any CPU
		{C27AEBCD-633B-4D22-A835-DB01D58E1621}.Debug|Any CPU.Build.0 = Debug|Any CPU
		{C27AEBCD-633B-4D22-A835-DB01D58E1621}.Debug|x64.ActiveCfg = Debug|Any CPU
		{C27AEBCD-633B-4D22-A835-DB01D58E1621}.Debug|x64.Build.0 = Debug|Any CPU
		{C27AEBCD-633B-4D22-A835-DB01D58E1621}.Debug|x86.ActiveCfg = Debug|Any CPU
		{C27AEBCD-633B-4D22-A835-DB01D58E1621}.Debug|x86.Build.0 = Debug|Any CPU
		{C27AEBCD-633B-4D22-A835-DB01D58E1621}.Release|Any CPU.ActiveCfg = Release|Any CPU
		{C27AEBCD-633B-4D22-A835-DB01D58E1621}.Release|Any CPU.Build.0 = Release|Any CPU
		{C27AEBCD-633B-4D22-A835-DB01D58E1621}.Release|x64.ActiveCfg = Release|Any CPU
		{C27AEBCD-633B-4D22-A835-DB01D58E1621}.Release|x64.Build.0 = Release|Any CPU
		{C27AEBCD-633B-4D22-A835-DB01D58E1621}.Release|x86.ActiveCfg = Release|Any CPU
		{C27AEBCD-633B-4D22-A835-DB01D58E1621}.Release|x86.Build.0 = Release|Any CPU
		{FF0C4525-EFA0-4C3B-9913-491C750FF660}.Debug|Any CPU.ActiveCfg = Debug|Any CPU
		{FF0C4525-EFA0-4C3B-9913-491C750FF660}.Debug|Any CPU.Build.0 = Debug|Any CPU
		{FF0C4525-EFA0-4C3B-9913-491C750FF660}.Debug|x64.ActiveCfg = Debug|Any CPU
		{FF0C4525-EFA0-4C3B-9913-491C750FF660}.Debug|x64.Build.0 = Debug|Any CPU
		{FF0C4525-EFA0-4C3B-9913-491C750FF660}.Debug|x86.ActiveCfg = Debug|Any CPU
		{FF0C4525-EFA0-4C3B-9913-491C750FF660}.Debug|x86.Build.0 = Debug|Any CPU
		{FF0C4525-EFA0-4C3B-9913-491C750FF660}.Release|Any CPU.ActiveCfg = Release|Any CPU
		{FF0C4525-EFA0-4C3B-9913-491C750FF660}.Release|Any CPU.Build.0 = Release|Any CPU
		{FF0C4525-EFA0-4C3B-9913-491C750FF660}.Release|x64.ActiveCfg = Release|Any CPU
		{FF0C4525-EFA0-4C3B-9913-491C750FF660}.Release|x64.Build.0 = Release|Any CPU
		{FF0C4525-EFA0-4C3B-9913-491C750FF660}.Release|x86.ActiveCfg = Release|Any CPU
		{FF0C4525-EFA0-4C3B-9913-491C750FF660}.Release|x86.Build.0 = Release|Any CPU
		{118BE583-5140-4315-ACD5-3811ABA30E8C}.Debug|Any CPU.ActiveCfg = Debug|Any CPU
		{118BE583-5140-4315-ACD5-3811ABA30E8C}.Debug|Any CPU.Build.0 = Debug|Any CPU
		{118BE583-5140-4315-ACD5-3811ABA30E8C}.Debug|x64.ActiveCfg = Debug|Any CPU
		{118BE583-5140-4315-ACD5-3811ABA30E8C}.Debug|x64.Build.0 = Debug|Any CPU
		{118BE583-5140-4315-ACD5-3811ABA30E8C}.Debug|x86.ActiveCfg = Debug|Any CPU
		{118BE583-5140-4315-ACD5-3811ABA30E8C}.Debug|x86.Build.0 = Debug|Any CPU
		{118BE583-5140-4315-ACD5-3811ABA30E8C}.Release|Any CPU.ActiveCfg = Release|Any CPU
		{118BE583-5140-4315-ACD5-3811ABA30E8C}.Release|Any CPU.Build.0 = Release|Any CPU
		{118BE583-5140-4315-ACD5-3811ABA30E8C}.Release|x64.ActiveCfg = Release|Any CPU
		{118BE583-5140-4315-ACD5-3811ABA30E8C}.Release|x64.Build.0 = Release|Any CPU
		{118BE583-5140-4315-ACD5-3811ABA30E8C}.Release|x86.ActiveCfg = Release|Any CPU
		{118BE583-5140-4315-ACD5-3811ABA30E8C}.Release|x86.Build.0 = Release|Any CPU
		{650A5A85-5956-491E-9312-5E25A27D1108}.Debug|Any CPU.ActiveCfg = Debug|Any CPU
		{650A5A85-5956-491E-9312-5E25A27D1108}.Debug|Any CPU.Build.0 = Debug|Any CPU
		{650A5A85-5956-491E-9312-5E25A27D1108}.Debug|x64.ActiveCfg = Debug|Any CPU
		{650A5A85-5956-491E-9312-5E25A27D1108}.Debug|x64.Build.0 = Debug|Any CPU
		{650A5A85-5956-491E-9312-5E25A27D1108}.Debug|x86.ActiveCfg = Debug|Any CPU
		{650A5A85-5956-491E-9312-5E25A27D1108}.Debug|x86.Build.0 = Debug|Any CPU
		{650A5A85-5956-491E-9312-5E25A27D1108}.Release|Any CPU.ActiveCfg = Release|Any CPU
		{650A5A85-5956-491E-9312-5E25A27D1108}.Release|Any CPU.Build.0 = Release|Any CPU
		{650A5A85-5956-491E-9312-5E25A27D1108}.Release|x64.ActiveCfg = Release|Any CPU
		{650A5A85-5956-491E-9312-5E25A27D1108}.Release|x64.Build.0 = Release|Any CPU
		{650A5A85-5956-491E-9312-5E25A27D1108}.Release|x86.ActiveCfg = Release|Any CPU
		{650A5A85-5956-491E-9312-5E25A27D1108}.Release|x86.Build.0 = Release|Any CPU
	EndGlobalSection
	GlobalSection(SolutionProperties) = preSolution
		HideSolutionNode = FALSE
	EndGlobalSection
	GlobalSection(NestedProjects) = preSolution
		{07013C6C-12D7-4CF7-9592-9828650E9206} = {83F2FC37-C109-47B4-BB0A-DC0D3439B8C3}
		{9CC69324-9A3E-4321-AE0E-13ED01636707} = {83F2FC37-C109-47B4-BB0A-DC0D3439B8C3}
		{310CA5D0-287B-4556-B082-342C0FCB57AC} = {83F2FC37-C109-47B4-BB0A-DC0D3439B8C3}
		{D2E20324-0FE7-4AFB-9BCE-2B23B32EF946} = {83F2FC37-C109-47B4-BB0A-DC0D3439B8C3}
		{E1061BA4-D7E4-4B2C-ACC2-E5D3F66A3DFF} = {83F2FC37-C109-47B4-BB0A-DC0D3439B8C3}
		{7FBFCF5F-ABA6-46B0-A778-C41D59094C8E} = {83F2FC37-C109-47B4-BB0A-DC0D3439B8C3}
		{C27AEBCD-633B-4D22-A835-DB01D58E1621} = {83F2FC37-C109-47B4-BB0A-DC0D3439B8C3}
		{FF0C4525-EFA0-4C3B-9913-491C750FF660} = {83F2FC37-C109-47B4-BB0A-DC0D3439B8C3}
		{118BE583-5140-4315-ACD5-3811ABA30E8C} = {83F2FC37-C109-47B4-BB0A-DC0D3439B8C3}
		{650A5A85-5956-491E-9312-5E25A27D1108} = {83F2FC37-C109-47B4-BB0A-DC0D3439B8C3}
	EndGlobalSection
EndGlobal
